
Microsoft Visual Studio Solution File, Format Version 12.00
# Visual Studio Version 17
VisualStudioVersion = 17.0.32802.463
MinimumVisualStudioVersion = 10.0.40219.1
Project("{2150E333-8FDC-42A3-9474-1A3956D46DE8}") = "Api", "Api", "{03607ABC-4925-4CE2-86BB-D446EA1B0882}"
EndProject
Project("{2150E333-8FDC-42A3-9474-1A3956D46DE8}") = "Clients", "Clients", "{B36F3922-6C40-4DC4-A9E3-77B5C0AF2640}"
EndProject
Project("{2150E333-8FDC-42A3-9474-1A3956D46DE8}") = "src", "src", "{0B6F6732-BBF0-4E10-920B-84FCB0987B21}"
EndProject
Project("{2150E333-8FDC-42A3-9474-1A3956D46DE8}") = "Common", "Common", "{2A3536CB-4CD3-411F-BDEA-A500A8CA6F51}"
EndProject
Project("{2150E333-8FDC-42A3-9474-1A3956D46DE8}") = "Core", "Core", "{052559E9-4C86-43AA-8B7B-6C2684904594}"
EndProject
Project("{2150E333-8FDC-42A3-9474-1A3956D46DE8}") = "Infrastructure", "Infrastructure", "{B37E39C1-01B0-463E-82A0-2857C863753C}"
EndProject
Project("{2150E333-8FDC-42A3-9474-1A3956D46DE8}") = "Presentation", "Presentation", "{017A426B-F7DF-41B9-B05F-B76D99F2A99B}"
EndProject
Project("{2150E333-8FDC-42A3-9474-1A3956D46DE8}") = "Projections", "Projections", "{B6178C0D-8C00-4413-B6C3-E6CCE6626B9A}"
EndProject
Project("{9A19103F-16F7-4668-BE54-9A1E7A4F7556}") = "Core.Application", "src\Common\Core.Application\Core.Application.csproj", "{DA2B0C49-88CE-4209-8AC5-D5AE6A11E512}"
EndProject
Project("{9A19103F-16F7-4668-BE54-9A1E7A4F7556}") = "Core.ElasticSearch", "src\Common\Core.ElasticSearch\Core.ElasticSearch.csproj", "{2C05BF61-06FF-4A2A-92D1-7CB96A0B171A}"
EndProject
Project("{9A19103F-16F7-4668-BE54-9A1E7A4F7556}") = "Core.Mailing", "src\Common\Core.Mailing\Core.Mailing.csproj", "{33390540-82A9-480C-9723-EC4FEF50BEBA}"
EndProject
Project("{9A19103F-16F7-4668-BE54-9A1E7A4F7556}") = "Core.Persistence", "src\Common\Core.Persistence\Core.Persistence.csproj", "{0EACF2D1-8290-460C-A08A-08E269638D11}"
EndProject
Project("{9A19103F-16F7-4668-BE54-9A1E7A4F7556}") = "Core.CrossCuttingConcerns", "src\Common\Core.CrossCuttingConcers\Core.CrossCuttingConcerns.csproj", "{6C7835A6-D572-4B79-9F56-239DAAD7A89D}"
EndProject
Project("{9A19103F-16F7-4668-BE54-9A1E7A4F7556}") = "Core.Security", "src\Common\Core.Security\Core.Security.csproj", "{B80BC175-14AB-4BB6-BE64-1BA5CC0A79F4}"
EndProject
Project("{9A19103F-16F7-4668-BE54-9A1E7A4F7556}") = "Core.Test", "src\Common\Core.Test\Core.Test.csproj", "{7AD62584-C8DC-47D2-BD3D-7A1BF8F6E860}"
EndProject
Project("{FAE04EC0-301F-11D3-BF4B-00C04F79EFBC}") = "ECommerceProject.Api.Domain", "src\Api\Core\ECommerceProject.Api.Domain\ECommerceProject.Api.Domain.csproj", "{CF534CD8-BC76-41FC-86BF-1EC9B3D855C7}"
EndProject
Project("{FAE04EC0-301F-11D3-BF4B-00C04F79EFBC}") = "ECommerceProject.Api.Application", "src\Api\Core\ECommerceProject.Api.Application\ECommerceProject.Api.Application.csproj", "{867ED877-E6A3-4057-BBFA-520A2DA52D34}"
EndProject
Project("{FAE04EC0-301F-11D3-BF4B-00C04F79EFBC}") = "ECommerceProject.Api.Infrastructure", "src\Api\Infrastructure\ECommerceProject.Api.Infrastructure\ECommerceProject.Api.Infrastructure.csproj", "{95382767-312C-4CDD-8D65-9106E763F54E}"
EndProject
Project("{FAE04EC0-301F-11D3-BF4B-00C04F79EFBC}") = "ECommerceProject.Api.Persistence", "src\Api\Infrastructure\ECommerceProject.Api.Persistence\ECommerceProject.Api.Persistence.csproj", "{332422E6-EB13-4ADF-86C4-BCD70602E38E}"
EndProject
Project("{FAE04EC0-301F-11D3-BF4B-00C04F79EFBC}") = "ECommerceProject.Api.WebAPI", "src\Api\Presentation\ECommerceProject.Api.WebAPI\ECommerceProject.Api.WebAPI.csproj", "{2BCCE02B-75F2-4BDD-9227-CE7E598E9B8D}"
EndProject
Project("{FAE04EC0-301F-11D3-BF4B-00C04F79EFBC}") = "ECommerceProject.Api.WindowsForm", "src\Api\Presentation\ECommerceProject.Api.WindowsForm\ECommerceProject.Api.WindowsForm.csproj", "{6D74E322-2138-4CA2-A703-68A6A330F4E1}"
EndProject
Project("{FAE04EC0-301F-11D3-BF4B-00C04F79EFBC}") = "ECommerceProject.Api.CoreMVC", "src\Api\Presentation\ECommerceProject.Api.CoreMVC\ECommerceProject.Api.CoreMVC.csproj", "{867048D4-4442-4C2F-A209-B62D93C94D06}"
EndProject
Global
	GlobalSection(SolutionConfigurationPlatforms) = preSolution
		Debug|Any CPU = Debug|Any CPU
		Release|Any CPU = Release|Any CPU
	EndGlobalSection
	GlobalSection(ProjectConfigurationPlatforms) = postSolution
		{DA2B0C49-88CE-4209-8AC5-D5AE6A11E512}.Debug|Any CPU.ActiveCfg = Debug|Any CPU
		{DA2B0C49-88CE-4209-8AC5-D5AE6A11E512}.Debug|Any CPU.Build.0 = Debug|Any CPU
		{DA2B0C49-88CE-4209-8AC5-D5AE6A11E512}.Release|Any CPU.ActiveCfg = Release|Any CPU
		{DA2B0C49-88CE-4209-8AC5-D5AE6A11E512}.Release|Any CPU.Build.0 = Release|Any CPU
		{2C05BF61-06FF-4A2A-92D1-7CB96A0B171A}.Debug|Any CPU.ActiveCfg = Debug|Any CPU
		{2C05BF61-06FF-4A2A-92D1-7CB96A0B171A}.Debug|Any CPU.Build.0 = Debug|Any CPU
		{2C05BF61-06FF-4A2A-92D1-7CB96A0B171A}.Release|Any CPU.ActiveCfg = Release|Any CPU
		{2C05BF61-06FF-4A2A-92D1-7CB96A0B171A}.Release|Any CPU.Build.0 = Release|Any CPU
		{33390540-82A9-480C-9723-EC4FEF50BEBA}.Debug|Any CPU.ActiveCfg = Debug|Any CPU
		{33390540-82A9-480C-9723-EC4FEF50BEBA}.Debug|Any CPU.Build.0 = Debug|Any CPU
		{33390540-82A9-480C-9723-EC4FEF50BEBA}.Release|Any CPU.ActiveCfg = Release|Any CPU
		{33390540-82A9-480C-9723-EC4FEF50BEBA}.Release|Any CPU.Build.0 = Release|Any CPU
		{0EACF2D1-8290-460C-A08A-08E269638D11}.Debug|Any CPU.ActiveCfg = Debug|Any CPU
		{0EACF2D1-8290-460C-A08A-08E269638D11}.Debug|Any CPU.Build.0 = Debug|Any CPU
		{0EACF2D1-8290-460C-A08A-08E269638D11}.Release|Any CPU.ActiveCfg = Release|Any CPU
		{0EACF2D1-8290-460C-A08A-08E269638D11}.Release|Any CPU.Build.0 = Release|Any CPU
		{6C7835A6-D572-4B79-9F56-239DAAD7A89D}.Debug|Any CPU.ActiveCfg = Debug|Any CPU
		{6C7835A6-D572-4B79-9F56-239DAAD7A89D}.Debug|Any CPU.Build.0 = Debug|Any CPU
		{6C7835A6-D572-4B79-9F56-239DAAD7A89D}.Release|Any CPU.ActiveCfg = Release|Any CPU
		{6C7835A6-D572-4B79-9F56-239DAAD7A89D}.Release|Any CPU.Build.0 = Release|Any CPU
		{B80BC175-14AB-4BB6-BE64-1BA5CC0A79F4}.Debug|Any CPU.ActiveCfg = Debug|Any CPU
		{B80BC175-14AB-4BB6-BE64-1BA5CC0A79F4}.Debug|Any CPU.Build.0 = Debug|Any CPU
		{B80BC175-14AB-4BB6-BE64-1BA5CC0A79F4}.Release|Any CPU.ActiveCfg = Release|Any CPU
		{B80BC175-14AB-4BB6-BE64-1BA5CC0A79F4}.Release|Any CPU.Build.0 = Release|Any CPU
		{7AD62584-C8DC-47D2-BD3D-7A1BF8F6E860}.Debug|Any CPU.ActiveCfg = Debug|Any CPU
		{7AD62584-C8DC-47D2-BD3D-7A1BF8F6E860}.Debug|Any CPU.Build.0 = Debug|Any CPU
		{7AD62584-C8DC-47D2-BD3D-7A1BF8F6E860}.Release|Any CPU.ActiveCfg = Release|Any CPU
		{7AD62584-C8DC-47D2-BD3D-7A1BF8F6E860}.Release|Any CPU.Build.0 = Release|Any CPU
		{CF534CD8-BC76-41FC-86BF-1EC9B3D855C7}.Debug|Any CPU.ActiveCfg = Debug|Any CPU
		{CF534CD8-BC76-41FC-86BF-1EC9B3D855C7}.Debug|Any CPU.Build.0 = Debug|Any CPU
		{CF534CD8-BC76-41FC-86BF-1EC9B3D855C7}.Release|Any CPU.ActiveCfg = Release|Any CPU
		{CF534CD8-BC76-41FC-86BF-1EC9B3D855C7}.Release|Any CPU.Build.0 = Release|Any CPU
		{867ED877-E6A3-4057-BBFA-520A2DA52D34}.Debug|Any CPU.ActiveCfg = Debug|Any CPU
		{867ED877-E6A3-4057-BBFA-520A2DA52D34}.Debug|Any CPU.Build.0 = Debug|Any CPU
		{867ED877-E6A3-4057-BBFA-520A2DA52D34}.Release|Any CPU.ActiveCfg = Release|Any CPU
		{867ED877-E6A3-4057-BBFA-520A2DA52D34}.Release|Any CPU.Build.0 = Release|Any CPU
		{95382767-312C-4CDD-8D65-9106E763F54E}.Debug|Any CPU.ActiveCfg = Debug|Any CPU
		{95382767-312C-4CDD-8D65-9106E763F54E}.Debug|Any CPU.Build.0 = Debug|Any CPU
		{95382767-312C-4CDD-8D65-9106E763F54E}.Release|Any CPU.ActiveCfg = Release|Any CPU
		{95382767-312C-4CDD-8D65-9106E763F54E}.Release|Any CPU.Build.0 = Release|Any CPU
		{332422E6-EB13-4ADF-86C4-BCD70602E38E}.Debug|Any CPU.ActiveCfg = Debug|Any CPU
		{332422E6-EB13-4ADF-86C4-BCD70602E38E}.Debug|Any CPU.Build.0 = Debug|Any CPU
		{332422E6-EB13-4ADF-86C4-BCD70602E38E}.Release|Any CPU.ActiveCfg = Release|Any CPU
		{332422E6-EB13-4ADF-86C4-BCD70602E38E}.Release|Any CPU.Build.0 = Release|Any CPU
		{2BCCE02B-75F2-4BDD-9227-CE7E598E9B8D}.Debug|Any CPU.ActiveCfg = Debug|Any CPU
		{2BCCE02B-75F2-4BDD-9227-CE7E598E9B8D}.Debug|Any CPU.Build.0 = Debug|Any CPU
		{2BCCE02B-75F2-4BDD-9227-CE7E598E9B8D}.Release|Any CPU.ActiveCfg = Release|Any CPU
		{2BCCE02B-75F2-4BDD-9227-CE7E598E9B8D}.Release|Any CPU.Build.0 = Release|Any CPU
		{6D74E322-2138-4CA2-A703-68A6A330F4E1}.Debug|Any CPU.ActiveCfg = Debug|Any CPU
		{6D74E322-2138-4CA2-A703-68A6A330F4E1}.Debug|Any CPU.Build.0 = Debug|Any CPU
		{6D74E322-2138-4CA2-A703-68A6A330F4E1}.Release|Any CPU.ActiveCfg = Release|Any CPU
		{6D74E322-2138-4CA2-A703-68A6A330F4E1}.Release|Any CPU.Build.0 = Release|Any CPU
		{867048D4-4442-4C2F-A209-B62D93C94D06}.Debug|Any CPU.ActiveCfg = Debug|Any CPU
		{867048D4-4442-4C2F-A209-B62D93C94D06}.Debug|Any CPU.Build.0 = Debug|Any CPU
		{867048D4-4442-4C2F-A209-B62D93C94D06}.Release|Any CPU.ActiveCfg = Release|Any CPU
		{867048D4-4442-4C2F-A209-B62D93C94D06}.Release|Any CPU.Build.0 = Release|Any CPU
	EndGlobalSection
	GlobalSection(SolutionProperties) = preSolution
		HideSolutionNode = FALSE
	EndGlobalSection
	GlobalSection(NestedProjects) = preSolution
		{03607ABC-4925-4CE2-86BB-D446EA1B0882} = {0B6F6732-BBF0-4E10-920B-84FCB0987B21}
		{B36F3922-6C40-4DC4-A9E3-77B5C0AF2640} = {0B6F6732-BBF0-4E10-920B-84FCB0987B21}
		{2A3536CB-4CD3-411F-BDEA-A500A8CA6F51} = {0B6F6732-BBF0-4E10-920B-84FCB0987B21}
		{052559E9-4C86-43AA-8B7B-6C2684904594} = {03607ABC-4925-4CE2-86BB-D446EA1B0882}
		{B37E39C1-01B0-463E-82A0-2857C863753C} = {03607ABC-4925-4CE2-86BB-D446EA1B0882}
		{017A426B-F7DF-41B9-B05F-B76D99F2A99B} = {03607ABC-4925-4CE2-86BB-D446EA1B0882}
		{B6178C0D-8C00-4413-B6C3-E6CCE6626B9A} = {0B6F6732-BBF0-4E10-920B-84FCB0987B21}
		{DA2B0C49-88CE-4209-8AC5-D5AE6A11E512} = {2A3536CB-4CD3-411F-BDEA-A500A8CA6F51}
		{2C05BF61-06FF-4A2A-92D1-7CB96A0B171A} = {2A3536CB-4CD3-411F-BDEA-A500A8CA6F51}
		{33390540-82A9-480C-9723-EC4FEF50BEBA} = {2A3536CB-4CD3-411F-BDEA-A500A8CA6F51}
		{0EACF2D1-8290-460C-A08A-08E269638D11} = {2A3536CB-4CD3-411F-BDEA-A500A8CA6F51}
		{6C7835A6-D572-4B79-9F56-239DAAD7A89D} = {2A3536CB-4CD3-411F-BDEA-A500A8CA6F51}
		{B80BC175-14AB-4BB6-BE64-1BA5CC0A79F4} = {2A3536CB-4CD3-411F-BDEA-A500A8CA6F51}
		{7AD62584-C8DC-47D2-BD3D-7A1BF8F6E860} = {2A3536CB-4CD3-411F-BDEA-A500A8CA6F51}
		{CF534CD8-BC76-41FC-86BF-1EC9B3D855C7} = {052559E9-4C86-43AA-8B7B-6C2684904594}
		{867ED877-E6A3-4057-BBFA-520A2DA52D34} = {052559E9-4C86-43AA-8B7B-6C2684904594}
		{95382767-312C-4CDD-8D65-9106E763F54E} = {B37E39C1-01B0-463E-82A0-2857C863753C}
		{332422E6-EB13-4ADF-86C4-BCD70602E38E} = {B37E39C1-01B0-463E-82A0-2857C863753C}
		{2BCCE02B-75F2-4BDD-9227-CE7E598E9B8D} = {017A426B-F7DF-41B9-B05F-B76D99F2A99B}
		{6D74E322-2138-4CA2-A703-68A6A330F4E1} = {017A426B-F7DF-41B9-B05F-B76D99F2A99B}
		{867048D4-4442-4C2F-A209-B62D93C94D06} = {017A426B-F7DF-41B9-B05F-B76D99F2A99B}
	EndGlobalSection
	GlobalSection(ExtensibilityGlobals) = postSolution
		SolutionGuid = {C9EB28EF-70D2-40B9-AB91-2DBC45A6D63F}
	EndGlobalSection
EndGlobal
