
Microsoft Visual Studio Solution File, Format Version 12.00
# Visual Studio Version 17
VisualStudioVersion = 17.0.32802.463
MinimumVisualStudioVersion = 10.0.40219.1
Project("{2150E333-8FDC-42A3-9474-1A3956D46DE8}") = "Api", "Api", "{03607ABC-4925-4CE2-86BB-D446EA1B0882}"
EndProject
Project("{2150E333-8FDC-42A3-9474-1A3956D46DE8}") = "Clients", "Clients", "{B36F3922-6C40-4DC4-A9E3-77B5C0AF2640}"
EndProject
Project("{2150E333-8FDC-42A3-9474-1A3956D46DE8}") = "src", "src", "{0B6F6732-BBF0-4E10-920B-84FCB0987B21}"
EndProject
Project("{2150E333-8FDC-42A3-9474-1A3956D46DE8}") = "Common", "Common", "{2A3536CB-4CD3-411F-BDEA-A500A8CA6F51}"
EndProject
Project("{2150E333-8FDC-42A3-9474-1A3956D46DE8}") = "Core", "Core", "{052559E9-4C86-43AA-8B7B-6C2684904594}"
EndProject
Project("{2150E333-8FDC-42A3-9474-1A3956D46DE8}") = "Application", "Application", "{3D9F69B2-5796-4BE9-9460-B97C43D1DDFA}"
EndProject
Project("{2150E333-8FDC-42A3-9474-1A3956D46DE8}") = "Domain", "Domain", "{69995889-4C6A-4856-917C-CD2E25AC2C81}"
EndProject
Project("{2150E333-8FDC-42A3-9474-1A3956D46DE8}") = "Infrastructure", "Infrastructure", "{B37E39C1-01B0-463E-82A0-2857C863753C}"
EndProject
Project("{2150E333-8FDC-42A3-9474-1A3956D46DE8}") = "Persistence", "Persistence", "{85ED0392-DB7B-445C-9736-A98D0075368F}"
EndProject
Project("{2150E333-8FDC-42A3-9474-1A3956D46DE8}") = "Infrastructure", "Infrastructure", "{15790DAA-104A-423C-BBE2-09946B7DA135}"
EndProject
Project("{2150E333-8FDC-42A3-9474-1A3956D46DE8}") = "Presentation", "Presentation", "{017A426B-F7DF-41B9-B05F-B76D99F2A99B}"
EndProject
Project("{2150E333-8FDC-42A3-9474-1A3956D46DE8}") = "WebAPI", "WebAPI", "{0C71E0AA-9713-4FF0-9D5F-F4D582F52CD6}"
EndProject
Project("{2150E333-8FDC-42A3-9474-1A3956D46DE8}") = "Projections", "Projections", "{B6178C0D-8C00-4413-B6C3-E6CCE6626B9A}"
EndProject
Project("{9A19103F-16F7-4668-BE54-9A1E7A4F7556}") = "Core.Application", "src\Common\Core.Application\Core.Application.csproj", "{DA2B0C49-88CE-4209-8AC5-D5AE6A11E512}"
EndProject
Global
	GlobalSection(SolutionConfigurationPlatforms) = preSolution
		Debug|Any CPU = Debug|Any CPU
		Release|Any CPU = Release|Any CPU
	EndGlobalSection
	GlobalSection(ProjectConfigurationPlatforms) = postSolution
		{DA2B0C49-88CE-4209-8AC5-D5AE6A11E512}.Debug|Any CPU.ActiveCfg = Debug|Any CPU
		{DA2B0C49-88CE-4209-8AC5-D5AE6A11E512}.Debug|Any CPU.Build.0 = Debug|Any CPU
		{DA2B0C49-88CE-4209-8AC5-D5AE6A11E512}.Release|Any CPU.ActiveCfg = Release|Any CPU
		{DA2B0C49-88CE-4209-8AC5-D5AE6A11E512}.Release|Any CPU.Build.0 = Release|Any CPU
	EndGlobalSection
	GlobalSection(SolutionProperties) = preSolution
		HideSolutionNode = FALSE
	EndGlobalSection
	GlobalSection(NestedProjects) = preSolution
		{03607ABC-4925-4CE2-86BB-D446EA1B0882} = {0B6F6732-BBF0-4E10-920B-84FCB0987B21}
		{B36F3922-6C40-4DC4-A9E3-77B5C0AF2640} = {0B6F6732-BBF0-4E10-920B-84FCB0987B21}
		{2A3536CB-4CD3-411F-BDEA-A500A8CA6F51} = {0B6F6732-BBF0-4E10-920B-84FCB0987B21}
		{052559E9-4C86-43AA-8B7B-6C2684904594} = {03607ABC-4925-4CE2-86BB-D446EA1B0882}
		{3D9F69B2-5796-4BE9-9460-B97C43D1DDFA} = {052559E9-4C86-43AA-8B7B-6C2684904594}
		{69995889-4C6A-4856-917C-CD2E25AC2C81} = {052559E9-4C86-43AA-8B7B-6C2684904594}
		{B37E39C1-01B0-463E-82A0-2857C863753C} = {03607ABC-4925-4CE2-86BB-D446EA1B0882}
		{85ED0392-DB7B-445C-9736-A98D0075368F} = {B37E39C1-01B0-463E-82A0-2857C863753C}
		{15790DAA-104A-423C-BBE2-09946B7DA135} = {B37E39C1-01B0-463E-82A0-2857C863753C}
		{017A426B-F7DF-41B9-B05F-B76D99F2A99B} = {03607ABC-4925-4CE2-86BB-D446EA1B0882}
		{0C71E0AA-9713-4FF0-9D5F-F4D582F52CD6} = {017A426B-F7DF-41B9-B05F-B76D99F2A99B}
		{B6178C0D-8C00-4413-B6C3-E6CCE6626B9A} = {0B6F6732-BBF0-4E10-920B-84FCB0987B21}
		{DA2B0C49-88CE-4209-8AC5-D5AE6A11E512} = {2A3536CB-4CD3-411F-BDEA-A500A8CA6F51}
	EndGlobalSection
	GlobalSection(ExtensibilityGlobals) = postSolution
		SolutionGuid = {C9EB28EF-70D2-40B9-AB91-2DBC45A6D63F}
	EndGlobalSection
EndGlobal
